{
  "name": "axm-mirror-learning-forge-local",
  "version": "0.7.1",
  "lockfileVersion": 3,
  "requires": true,
  "packages": {
    "": {
      "name": "axm-mirror-learning-forge-local",
      "version": "0.7.1",
      "engines": {
        "node": ">=20"
      },
      "description": null
    }
  }
}
